
Microsoft Visual Studio Solution File, Format Version 12.00
# Visual Studio 2013
VisualStudioVersion = 12.0.31101.0
MinimumVisualStudioVersion = 10.0.40219.1
Project("{FAE04EC0-301F-11D3-BF4B-00C04F79EFBC}") = "SsisUp", "SsisUp\SsisUp.csproj", "{4AACDE1C-FD3B-410C-AE16-C10CF9945698}"
EndProject
Project("{FAE04EC0-301F-11D3-BF4B-00C04F79EFBC}") = "SsisUp.Tests", "SsisUp.Tests\SsisUp.Tests.csproj", "{73E9B416-1A50-4272-9550-86B9A8E494D4}"
EndProject
Project("{2150E333-8FDC-42A3-9474-1A3956D46DE8}") = "Sample", "Sample", "{5F9EA240-033E-407A-870A-404D31DD97C7}"
EndProject
Project("{FAE04EC0-301F-11D3-BF4B-00C04F79EFBC}") = "SsisUp.Sample.Database", "..\sample\Database\SsisUp.Sample.Database\SsisUp.Sample.Database.csproj", "{21ADEA29-3DD2-41F6-A62B-799FA6C3BAC3}"
EndProject
Project("{FAE04EC0-301F-11D3-BF4B-00C04F79EFBC}") = "SsisUp.Sample.Ssis.Deploy", "..\sample\Database\SsisUp.Sample.Ssis.Deploy\SsisUp.Sample.Ssis.Deploy.csproj", "{EA8431B4-BAAD-4FD6-9989-E80FC48D8BAC}"
EndProject
Global
	GlobalSection(SolutionConfigurationPlatforms) = preSolution
		Debug|Any CPU = Debug|Any CPU
		Release|Any CPU = Release|Any CPU
	EndGlobalSection
	GlobalSection(ProjectConfigurationPlatforms) = postSolution
		{4AACDE1C-FD3B-410C-AE16-C10CF9945698}.Debug|Any CPU.ActiveCfg = Debug|Any CPU
		{4AACDE1C-FD3B-410C-AE16-C10CF9945698}.Debug|Any CPU.Build.0 = Debug|Any CPU
		{4AACDE1C-FD3B-410C-AE16-C10CF9945698}.Release|Any CPU.ActiveCfg = Release|Any CPU
		{4AACDE1C-FD3B-410C-AE16-C10CF9945698}.Release|Any CPU.Build.0 = Release|Any CPU
		{73E9B416-1A50-4272-9550-86B9A8E494D4}.Debug|Any CPU.ActiveCfg = Debug|Any CPU
		{73E9B416-1A50-4272-9550-86B9A8E494D4}.Debug|Any CPU.Build.0 = Debug|Any CPU
		{73E9B416-1A50-4272-9550-86B9A8E494D4}.Release|Any CPU.ActiveCfg = Release|Any CPU
		{73E9B416-1A50-4272-9550-86B9A8E494D4}.Release|Any CPU.Build.0 = Release|Any CPU
		{21ADEA29-3DD2-41F6-A62B-799FA6C3BAC3}.Debug|Any CPU.ActiveCfg = Debug|Any CPU
		{21ADEA29-3DD2-41F6-A62B-799FA6C3BAC3}.Debug|Any CPU.Build.0 = Debug|Any CPU
		{21ADEA29-3DD2-41F6-A62B-799FA6C3BAC3}.Release|Any CPU.ActiveCfg = Release|Any CPU
		{21ADEA29-3DD2-41F6-A62B-799FA6C3BAC3}.Release|Any CPU.Build.0 = Release|Any CPU
		{EA8431B4-BAAD-4FD6-9989-E80FC48D8BAC}.Debug|Any CPU.ActiveCfg = Debug|Any CPU
		{EA8431B4-BAAD-4FD6-9989-E80FC48D8BAC}.Debug|Any CPU.Build.0 = Debug|Any CPU
		{EA8431B4-BAAD-4FD6-9989-E80FC48D8BAC}.Release|Any CPU.ActiveCfg = Release|Any CPU
		{EA8431B4-BAAD-4FD6-9989-E80FC48D8BAC}.Release|Any CPU.Build.0 = Release|Any CPU
	EndGlobalSection
	GlobalSection(SolutionProperties) = preSolution
		HideSolutionNode = FALSE
	EndGlobalSection
	GlobalSection(NestedProjects) = preSolution
		{21ADEA29-3DD2-41F6-A62B-799FA6C3BAC3} = {5F9EA240-033E-407A-870A-404D31DD97C7}
		{EA8431B4-BAAD-4FD6-9989-E80FC48D8BAC} = {5F9EA240-033E-407A-870A-404D31DD97C7}
	EndGlobalSection
EndGlobal
